
Microsoft Visual Studio Solution File, Format Version 12.00
# Visual Studio Version 16
VisualStudioVersion = 25.0.1706.14
MinimumVisualStudioVersion = 10.0.40219.1
Project("{FAE04EC0-301F-11D3-BF4B-00C04F79EFBC}") = "ClinicVetsAvalonia", "ClinicVetsAvalonia.csproj", "{6D09A6E4-D2E4-428B-AF80-B386A7AC47DA}"
EndProject
Project("{2150E333-8FDC-42A3-9474-1A3956D46DE8}") = "Tests", "Tests", "{0AB3BF05-4346-4AA6-1389-037BE0695223}"
EndProject
Project("{FAE04EC0-301F-11D3-BF4B-00C04F79EFBC}") = "ClinicVetsAvalonia.Tests", "Tests\ClinicVetsAvalonia.Tests\ClinicVetsAvalonia.Tests.csproj", "{9C0FF6A9-4F39-4674-A89D-B4AF15BF9760}"
EndProject
Global
	GlobalSection(SolutionConfigurationPlatforms) = preSolution
		Debug|Any CPU = Debug|Any CPU
		Debug|x64 = Debug|x64
		Debug|x86 = Debug|x86
		Release|Any CPU = Release|Any CPU
		Release|x64 = Release|x64
		Release|x86 = Release|x86
	EndGlobalSection
	GlobalSection(ProjectConfigurationPlatforms) = postSolution
		{6D09A6E4-D2E4-428B-AF80-B386A7AC47DA}.Debug|Any CPU.ActiveCfg = Debug|Any CPU
		{6D09A6E4-D2E4-428B-AF80-B386A7AC47DA}.Debug|Any CPU.Build.0 = Debug|Any CPU
		{6D09A6E4-D2E4-428B-AF80-B386A7AC47DA}.Debug|x64.ActiveCfg = Debug|Any CPU
		{6D09A6E4-D2E4-428B-AF80-B386A7AC47DA}.Debug|x64.Build.0 = Debug|Any CPU
		{6D09A6E4-D2E4-428B-AF80-B386A7AC47DA}.Debug|x86.ActiveCfg = Debug|Any CPU
		{6D09A6E4-D2E4-428B-AF80-B386A7AC47DA}.Debug|x86.Build.0 = Debug|Any CPU
		{6D09A6E4-D2E4-428B-AF80-B386A7AC47DA}.Release|Any CPU.ActiveCfg = Release|Any CPU
		{6D09A6E4-D2E4-428B-AF80-B386A7AC47DA}.Release|Any CPU.Build.0 = Release|Any CPU
		{6D09A6E4-D2E4-428B-AF80-B386A7AC47DA}.Release|x64.ActiveCfg = Release|Any CPU
		{6D09A6E4-D2E4-428B-AF80-B386A7AC47DA}.Release|x64.Build.0 = Release|Any CPU
		{6D09A6E4-D2E4-428B-AF80-B386A7AC47DA}.Release|x86.ActiveCfg = Release|Any CPU
		{6D09A6E4-D2E4-428B-AF80-B386A7AC47DA}.Release|x86.Build.0 = Release|Any CPU
		{9C0FF6A9-4F39-4674-A89D-B4AF15BF9760}.Debug|Any CPU.ActiveCfg = Debug|Any CPU
		{9C0FF6A9-4F39-4674-A89D-B4AF15BF9760}.Debug|Any CPU.Build.0 = Debug|Any CPU
		{9C0FF6A9-4F39-4674-A89D-B4AF15BF9760}.Debug|x64.ActiveCfg = Debug|Any CPU
		{9C0FF6A9-4F39-4674-A89D-B4AF15BF9760}.Debug|x64.Build.0 = Debug|Any CPU
		{9C0FF6A9-4F39-4674-A89D-B4AF15BF9760}.Debug|x86.ActiveCfg = Debug|Any CPU
		{9C0FF6A9-4F39-4674-A89D-B4AF15BF9760}.Debug|x86.Build.0 = Debug|Any CPU
		{9C0FF6A9-4F39-4674-A89D-B4AF15BF9760}.Release|Any CPU.ActiveCfg = Release|Any CPU
		{9C0FF6A9-4F39-4674-A89D-B4AF15BF9760}.Release|Any CPU.Build.0 = Release|Any CPU
		{9C0FF6A9-4F39-4674-A89D-B4AF15BF9760}.Release|x64.ActiveCfg = Release|Any CPU
		{9C0FF6A9-4F39-4674-A89D-B4AF15BF9760}.Release|x64.Build.0 = Release|Any CPU
		{9C0FF6A9-4F39-4674-A89D-B4AF15BF9760}.Release|x86.ActiveCfg = Release|Any CPU
		{9C0FF6A9-4F39-4674-A89D-B4AF15BF9760}.Release|x86.Build.0 = Release|Any CPU
	EndGlobalSection
	GlobalSection(SolutionProperties) = preSolution
		HideSolutionNode = FALSE
	EndGlobalSection
	GlobalSection(NestedProjects) = preSolution
		{9C0FF6A9-4F39-4674-A89D-B4AF15BF9760} = {0AB3BF05-4346-4AA6-1389-037BE0695223}
	EndGlobalSection
	GlobalSection(ExtensibilityGlobals) = postSolution
		SolutionGuid = {5505A564-CCE2-4E58-BFD2-D50995BB4711}
	EndGlobalSection
EndGlobal
