
Microsoft Visual Studio Solution File, Format Version 12.00
# Visual Studio Version 17
VisualStudioVersion = 17.0.31903.59
MinimumVisualStudioVersion = 10.0.40219.1
Project("{2150E333-8FDC-42A3-9474-1A3956D46DE8}") = "src", "src", "{827E0CD3-B72D-47B6-A68D-7590B98EB39B}"
EndProject
Project("{FAE04EC0-301F-11D3-BF4B-00C04F79EFBC}") = "ClinicVets.Core", "src\ClinicVets.Core\ClinicVets.Core.csproj", "{6F780717-4E26-4258-BF9D-171B049C5D14}"
EndProject
Project("{FAE04EC0-301F-11D3-BF4B-00C04F79EFBC}") = "ClinicVets.Application", "src\ClinicVets.Application\ClinicVets.Application.csproj", "{797342F4-7444-4417-893D-259FED222ED0}"
EndProject
Project("{FAE04EC0-301F-11D3-BF4B-00C04F79EFBC}") = "ClinicVets.Infrastructure", "src\ClinicVets.Infrastructure\ClinicVets.Infrastructure.csproj", "{021E9391-A3BC-4AC4-909F-134AA53B46D1}"
EndProject
Project("{FAE04EC0-301F-11D3-BF4B-00C04F79EFBC}") = "ClinicVets.Web", "src\ClinicVets.Web\ClinicVets.Web.csproj", "{B4679B52-108E-4964-BC48-9FEFEAA7E127}"
EndProject
Project("{FAE04EC0-301F-11D3-BF4B-00C04F79EFBC}") = "ClinicVets.Desktop", "src\ClinicVets.Desktop\ClinicVets.Desktop.csproj", "{89AC5A10-43A2-40C7-AB58-2B053E95B946}"
EndProject
Global
	GlobalSection(SolutionConfigurationPlatforms) = preSolution
		Debug|Any CPU = Debug|Any CPU
		Debug|x64 = Debug|x64
		Debug|x86 = Debug|x86
		Release|Any CPU = Release|Any CPU
		Release|x64 = Release|x64
		Release|x86 = Release|x86
	EndGlobalSection
	GlobalSection(ProjectConfigurationPlatforms) = postSolution
		{6F780717-4E26-4258-BF9D-171B049C5D14}.Debug|Any CPU.ActiveCfg = Debug|Any CPU
		{6F780717-4E26-4258-BF9D-171B049C5D14}.Debug|Any CPU.Build.0 = Debug|Any CPU
		{6F780717-4E26-4258-BF9D-171B049C5D14}.Debug|x64.ActiveCfg = Debug|Any CPU
		{6F780717-4E26-4258-BF9D-171B049C5D14}.Debug|x64.Build.0 = Debug|Any CPU
		{6F780717-4E26-4258-BF9D-171B049C5D14}.Debug|x86.ActiveCfg = Debug|Any CPU
		{6F780717-4E26-4258-BF9D-171B049C5D14}.Debug|x86.Build.0 = Debug|Any CPU
		{6F780717-4E26-4258-BF9D-171B049C5D14}.Release|Any CPU.ActiveCfg = Release|Any CPU
		{6F780717-4E26-4258-BF9D-171B049C5D14}.Release|Any CPU.Build.0 = Release|Any CPU
		{6F780717-4E26-4258-BF9D-171B049C5D14}.Release|x64.ActiveCfg = Release|Any CPU
		{6F780717-4E26-4258-BF9D-171B049C5D14}.Release|x64.Build.0 = Release|Any CPU
		{6F780717-4E26-4258-BF9D-171B049C5D14}.Release|x86.ActiveCfg = Release|Any CPU
		{6F780717-4E26-4258-BF9D-171B049C5D14}.Release|x86.Build.0 = Release|Any CPU
		{797342F4-7444-4417-893D-259FED222ED0}.Debug|Any CPU.ActiveCfg = Debug|Any CPU
		{797342F4-7444-4417-893D-259FED222ED0}.Debug|Any CPU.Build.0 = Debug|Any CPU
		{797342F4-7444-4417-893D-259FED222ED0}.Debug|x64.ActiveCfg = Debug|Any CPU
		{797342F4-7444-4417-893D-259FED222ED0}.Debug|x64.Build.0 = Debug|Any CPU
		{797342F4-7444-4417-893D-259FED222ED0}.Debug|x86.ActiveCfg = Debug|Any CPU
		{797342F4-7444-4417-893D-259FED222ED0}.Debug|x86.Build.0 = Debug|Any CPU
		{797342F4-7444-4417-893D-259FED222ED0}.Release|Any CPU.ActiveCfg = Release|Any CPU
		{797342F4-7444-4417-893D-259FED222ED0}.Release|Any CPU.Build.0 = Release|Any CPU
		{797342F4-7444-4417-893D-259FED222ED0}.Release|x64.ActiveCfg = Release|Any CPU
		{797342F4-7444-4417-893D-259FED222ED0}.Release|x64.Build.0 = Release|Any CPU
		{797342F4-7444-4417-893D-259FED222ED0}.Release|x86.ActiveCfg = Release|Any CPU
		{797342F4-7444-4417-893D-259FED222ED0}.Release|x86.Build.0 = Release|Any CPU
		{021E9391-A3BC-4AC4-909F-134AA53B46D1}.Debug|Any CPU.ActiveCfg = Debug|Any CPU
		{021E9391-A3BC-4AC4-909F-134AA53B46D1}.Debug|Any CPU.Build.0 = Debug|Any CPU
		{021E9391-A3BC-4AC4-909F-134AA53B46D1}.Debug|x64.ActiveCfg = Debug|Any CPU
		{021E9391-A3BC-4AC4-909F-134AA53B46D1}.Debug|x64.Build.0 = Debug|Any CPU
		{021E9391-A3BC-4AC4-909F-134AA53B46D1}.Debug|x86.ActiveCfg = Debug|Any CPU
		{021E9391-A3BC-4AC4-909F-134AA53B46D1}.Debug|x86.Build.0 = Debug|Any CPU
		{021E9391-A3BC-4AC4-909F-134AA53B46D1}.Release|Any CPU.ActiveCfg = Release|Any CPU
		{021E9391-A3BC-4AC4-909F-134AA53B46D1}.Release|Any CPU.Build.0 = Release|Any CPU
		{021E9391-A3BC-4AC4-909F-134AA53B46D1}.Release|x64.ActiveCfg = Release|Any CPU
		{021E9391-A3BC-4AC4-909F-134AA53B46D1}.Release|x64.Build.0 = Release|Any CPU
		{021E9391-A3BC-4AC4-909F-134AA53B46D1}.Release|x86.ActiveCfg = Release|Any CPU
		{021E9391-A3BC-4AC4-909F-134AA53B46D1}.Release|x86.Build.0 = Release|Any CPU
		{B4679B52-108E-4964-BC48-9FEFEAA7E127}.Debug|Any CPU.ActiveCfg = Debug|Any CPU
		{B4679B52-108E-4964-BC48-9FEFEAA7E127}.Debug|Any CPU.Build.0 = Debug|Any CPU
		{B4679B52-108E-4964-BC48-9FEFEAA7E127}.Debug|x64.ActiveCfg = Debug|Any CPU
		{B4679B52-108E-4964-BC48-9FEFEAA7E127}.Debug|x64.Build.0 = Debug|Any CPU
		{B4679B52-108E-4964-BC48-9FEFEAA7E127}.Debug|x86.ActiveCfg = Debug|Any CPU
		{B4679B52-108E-4964-BC48-9FEFEAA7E127}.Debug|x86.Build.0 = Debug|Any CPU
		{B4679B52-108E-4964-BC48-9FEFEAA7E127}.Release|Any CPU.ActiveCfg = Release|Any CPU
		{B4679B52-108E-4964-BC48-9FEFEAA7E127}.Release|Any CPU.Build.0 = Release|Any CPU
		{B4679B52-108E-4964-BC48-9FEFEAA7E127}.Release|x64.ActiveCfg = Release|Any CPU
		{B4679B52-108E-4964-BC48-9FEFEAA7E127}.Release|x64.Build.0 = Release|Any CPU
		{B4679B52-108E-4964-BC48-9FEFEAA7E127}.Release|x86.ActiveCfg = Release|Any CPU
		{B4679B52-108E-4964-BC48-9FEFEAA7E127}.Release|x86.Build.0 = Release|Any CPU
		{89AC5A10-43A2-40C7-AB58-2B053E95B946}.Debug|Any CPU.ActiveCfg = Debug|Any CPU
		{89AC5A10-43A2-40C7-AB58-2B053E95B946}.Debug|Any CPU.Build.0 = Debug|Any CPU
		{89AC5A10-43A2-40C7-AB58-2B053E95B946}.Debug|x64.ActiveCfg = Debug|Any CPU
		{89AC5A10-43A2-40C7-AB58-2B053E95B946}.Debug|x64.Build.0 = Debug|Any CPU
		{89AC5A10-43A2-40C7-AB58-2B053E95B946}.Debug|x86.ActiveCfg = Debug|Any CPU
		{89AC5A10-43A2-40C7-AB58-2B053E95B946}.Debug|x86.Build.0 = Debug|Any CPU
		{89AC5A10-43A2-40C7-AB58-2B053E95B946}.Release|Any CPU.ActiveCfg = Release|Any CPU
		{89AC5A10-43A2-40C7-AB58-2B053E95B946}.Release|Any CPU.Build.0 = Release|Any CPU
		{89AC5A10-43A2-40C7-AB58-2B053E95B946}.Release|x64.ActiveCfg = Release|Any CPU
		{89AC5A10-43A2-40C7-AB58-2B053E95B946}.Release|x64.Build.0 = Release|Any CPU
		{89AC5A10-43A2-40C7-AB58-2B053E95B946}.Release|x86.ActiveCfg = Release|Any CPU
		{89AC5A10-43A2-40C7-AB58-2B053E95B946}.Release|x86.Build.0 = Release|Any CPU
	EndGlobalSection
	GlobalSection(SolutionProperties) = preSolution
		HideSolutionNode = FALSE
	EndGlobalSection
	GlobalSection(NestedProjects) = preSolution
		{6F780717-4E26-4258-BF9D-171B049C5D14} = {827E0CD3-B72D-47B6-A68D-7590B98EB39B}
		{797342F4-7444-4417-893D-259FED222ED0} = {827E0CD3-B72D-47B6-A68D-7590B98EB39B}
		{021E9391-A3BC-4AC4-909F-134AA53B46D1} = {827E0CD3-B72D-47B6-A68D-7590B98EB39B}
		{B4679B52-108E-4964-BC48-9FEFEAA7E127} = {827E0CD3-B72D-47B6-A68D-7590B98EB39B}
		{89AC5A10-43A2-40C7-AB58-2B053E95B946} = {827E0CD3-B72D-47B6-A68D-7590B98EB39B}
	EndGlobalSection
EndGlobal
